
Microsoft Visual Studio Solution File, Format Version 10.00
# Visual Studio 2008
Project("{8BC9CEB8-8B4A-11D0-8D11-00A0C91BC942}") = "AIBattle", "AIBattle.vcproj", "{0C8B688A-AEE8-4A83-B3ED-6B2FA7F93DB8}"
EndProject
Global
	GlobalSection(SolutionConfigurationPlatforms) = preSolution
		Debug|Win32 = Debug|Win32
		Release|Win32 = Release|Win32
	EndGlobalSection
	GlobalSection(ProjectConfigurationPlatforms) = postSolution
		{0C8B688A-AEE8-4A83-B3ED-6B2FA7F93DB8}.Debug|Win32.ActiveCfg = Debug|Win32
		{0C8B688A-AEE8-4A83-B3ED-6B2FA7F93DB8}.Debug|Win32.Build.0 = Debug|Win32
		{0C8B688A-AEE8-4A83-B3ED-6B2FA7F93DB8}.Release|Win32.ActiveCfg = Release|Win32
		{0C8B688A-AEE8-4A83-B3ED-6B2FA7F93DB8}.Release|Win32.Build.0 = Release|Win32
	EndGlobalSection
	GlobalSection(SolutionProperties) = preSolution
		HideSolutionNode = FALSE
	EndGlobalSection
EndGlobal
